
Microsoft Visual Studio Solution File, Format Version 12.00
# Visual Studio 15
VisualStudioVersion = 15.0.27130.2010
MinimumVisualStudioVersion = 10.0.40219.1
Project("{9A19103F-16F7-4668-BE54-9A1E7A4F7556}") = "ProShare.UserApi", "ProShare.UserApi\ProShare.UserApi.csproj", "{DE785052-C13C-45E5-ABF9-4517B9F03B7D}"
EndProject
Project("{2150E333-8FDC-42A3-9474-1A3956D46DE8}") = "Tests", "Tests", "{9FDBE791-9E80-4EB2-A0F9-CBC0019A1395}"
EndProject
Project("{9A19103F-16F7-4668-BE54-9A1E7A4F7556}") = "ProShare.UserApiTest", "ProShare.UserApiTest\ProShare.UserApiTest.csproj", "{55F6FC9A-763C-416F-90A7-DA1CBE89FE43}"
EndProject
Project("{9A19103F-16F7-4668-BE54-9A1E7A4F7556}") = "ProShare.IdentityApi", "ProShare.IdentityApi\ProShare.IdentityApi.csproj", "{9095CCE6-F5BC-421F-B36D-491F2C69DD2C}"
EndProject
Project("{2150E333-8FDC-42A3-9474-1A3956D46DE8}") = "src", "src", "{B5B8D4F8-1FB2-4D4E-8133-C76AE2FCAAEE}"
EndProject
Project("{9A19103F-16F7-4668-BE54-9A1E7A4F7556}") = "ProShare.GatewayApi", "ProShare.GatewayApi\ProShare.GatewayApi.csproj", "{DD0E5917-21FF-4A1C-B1DF-496813346304}"
EndProject
Project("{2150E333-8FDC-42A3-9474-1A3956D46DE8}") = "BuildingBlocks", "BuildingBlocks", "{132BD2BA-2B8B-47BF-8CCE-055BF87C6719}"
EndProject
Project("{9A19103F-16F7-4668-BE54-9A1E7A4F7556}") = "Resilience", "Resilience\Resilience.csproj", "{C469D69D-B353-46CE-B8FC-1DE27D78139E}"
EndProject
Project("{FAE04EC0-301F-11D3-BF4B-00C04F79EFBC}") = "ProShare.ContactApi", "ProShare.ContackApi\ProShare.ContactApi.csproj", "{FE635B8A-BDE9-4DD2-BFAD-A86B83BB1F3F}"
EndProject
Global
	GlobalSection(SolutionConfigurationPlatforms) = preSolution
		Debug|Any CPU = Debug|Any CPU
		Release|Any CPU = Release|Any CPU
	EndGlobalSection
	GlobalSection(ProjectConfigurationPlatforms) = postSolution
		{DE785052-C13C-45E5-ABF9-4517B9F03B7D}.Debug|Any CPU.ActiveCfg = Debug|Any CPU
		{DE785052-C13C-45E5-ABF9-4517B9F03B7D}.Debug|Any CPU.Build.0 = Debug|Any CPU
		{DE785052-C13C-45E5-ABF9-4517B9F03B7D}.Release|Any CPU.ActiveCfg = Release|Any CPU
		{DE785052-C13C-45E5-ABF9-4517B9F03B7D}.Release|Any CPU.Build.0 = Release|Any CPU
		{55F6FC9A-763C-416F-90A7-DA1CBE89FE43}.Debug|Any CPU.ActiveCfg = Debug|Any CPU
		{55F6FC9A-763C-416F-90A7-DA1CBE89FE43}.Debug|Any CPU.Build.0 = Debug|Any CPU
		{55F6FC9A-763C-416F-90A7-DA1CBE89FE43}.Release|Any CPU.ActiveCfg = Release|Any CPU
		{55F6FC9A-763C-416F-90A7-DA1CBE89FE43}.Release|Any CPU.Build.0 = Release|Any CPU
		{9095CCE6-F5BC-421F-B36D-491F2C69DD2C}.Debug|Any CPU.ActiveCfg = Debug|Any CPU
		{9095CCE6-F5BC-421F-B36D-491F2C69DD2C}.Debug|Any CPU.Build.0 = Debug|Any CPU
		{9095CCE6-F5BC-421F-B36D-491F2C69DD2C}.Release|Any CPU.ActiveCfg = Release|Any CPU
		{9095CCE6-F5BC-421F-B36D-491F2C69DD2C}.Release|Any CPU.Build.0 = Release|Any CPU
		{DD0E5917-21FF-4A1C-B1DF-496813346304}.Debug|Any CPU.ActiveCfg = Debug|Any CPU
		{DD0E5917-21FF-4A1C-B1DF-496813346304}.Debug|Any CPU.Build.0 = Debug|Any CPU
		{DD0E5917-21FF-4A1C-B1DF-496813346304}.Release|Any CPU.ActiveCfg = Release|Any CPU
		{DD0E5917-21FF-4A1C-B1DF-496813346304}.Release|Any CPU.Build.0 = Release|Any CPU
		{C469D69D-B353-46CE-B8FC-1DE27D78139E}.Debug|Any CPU.ActiveCfg = Debug|Any CPU
		{C469D69D-B353-46CE-B8FC-1DE27D78139E}.Debug|Any CPU.Build.0 = Debug|Any CPU
		{C469D69D-B353-46CE-B8FC-1DE27D78139E}.Release|Any CPU.ActiveCfg = Release|Any CPU
		{C469D69D-B353-46CE-B8FC-1DE27D78139E}.Release|Any CPU.Build.0 = Release|Any CPU
		{FE635B8A-BDE9-4DD2-BFAD-A86B83BB1F3F}.Debug|Any CPU.ActiveCfg = Debug|Any CPU
		{FE635B8A-BDE9-4DD2-BFAD-A86B83BB1F3F}.Debug|Any CPU.Build.0 = Debug|Any CPU
		{FE635B8A-BDE9-4DD2-BFAD-A86B83BB1F3F}.Release|Any CPU.ActiveCfg = Release|Any CPU
		{FE635B8A-BDE9-4DD2-BFAD-A86B83BB1F3F}.Release|Any CPU.Build.0 = Release|Any CPU
	EndGlobalSection
	GlobalSection(SolutionProperties) = preSolution
		HideSolutionNode = FALSE
	EndGlobalSection
	GlobalSection(NestedProjects) = preSolution
		{DE785052-C13C-45E5-ABF9-4517B9F03B7D} = {B5B8D4F8-1FB2-4D4E-8133-C76AE2FCAAEE}
		{55F6FC9A-763C-416F-90A7-DA1CBE89FE43} = {9FDBE791-9E80-4EB2-A0F9-CBC0019A1395}
		{9095CCE6-F5BC-421F-B36D-491F2C69DD2C} = {B5B8D4F8-1FB2-4D4E-8133-C76AE2FCAAEE}
		{DD0E5917-21FF-4A1C-B1DF-496813346304} = {B5B8D4F8-1FB2-4D4E-8133-C76AE2FCAAEE}
		{132BD2BA-2B8B-47BF-8CCE-055BF87C6719} = {B5B8D4F8-1FB2-4D4E-8133-C76AE2FCAAEE}
		{C469D69D-B353-46CE-B8FC-1DE27D78139E} = {132BD2BA-2B8B-47BF-8CCE-055BF87C6719}
		{FE635B8A-BDE9-4DD2-BFAD-A86B83BB1F3F} = {B5B8D4F8-1FB2-4D4E-8133-C76AE2FCAAEE}
	EndGlobalSection
	GlobalSection(ExtensibilityGlobals) = postSolution
		SolutionGuid = {AC13CAEB-1970-42EA-B13B-44315F2DEAEB}
	EndGlobalSection
EndGlobal
